
Microsoft Visual Studio Solution File, Format Version 12.00
# Visual Studio Version 17
VisualStudioVersion = 17.11.35327.3
MinimumVisualStudioVersion = 10.0.40219.1
Project("{FAE04EC0-301F-11D3-BF4B-00C04F79EFBC}") = "Assignment 2.2", "Assignment 2.2.csproj", "{02112513-CCC2-4BFE-B38C-D358E5C6ACF1}"
EndProject
Global
	GlobalSection(SolutionConfigurationPlatforms) = preSolution
		Debug|Any CPU = Debug|Any CPU
		Release|Any CPU = Release|Any CPU
	EndGlobalSection
	GlobalSection(ProjectConfigurationPlatforms) = postSolution
		{02112513-CCC2-4BFE-B38C-D358E5C6ACF1}.Debug|Any CPU.ActiveCfg = Debug|Any CPU
		{02112513-CCC2-4BFE-B38C-D358E5C6ACF1}.Debug|Any CPU.Build.0 = Debug|Any CPU
		{02112513-CCC2-4BFE-B38C-D358E5C6ACF1}.Release|Any CPU.ActiveCfg = Release|Any CPU
		{02112513-CCC2-4BFE-B38C-D358E5C6ACF1}.Release|Any CPU.Build.0 = Release|Any CPU
	EndGlobalSection
	GlobalSection(SolutionProperties) = preSolution
		HideSolutionNode = FALSE
	EndGlobalSection
	GlobalSection(ExtensibilityGlobals) = postSolution
		SolutionGuid = {49A337BB-1359-46F4-B0FC-DC48445A9E12}
	EndGlobalSection
EndGlobal
